
Microsoft Visual Studio Solution File, Format Version 12.00
# Visual Studio 15
VisualStudioVersion = 15.0.28307.757
MinimumVisualStudioVersion = 10.0.40219.1
Project("{FAE04EC0-301F-11D3-BF4B-00C04F79EFBC}") = "DataBinding", "DataBinding\DataBinding.csproj", "{6C960AA2-66BE-4F24-9B4C-236EEB1A0E18}"
EndProject
Project("{FAE04EC0-301F-11D3-BF4B-00C04F79EFBC}") = "DataBindingTests", "DataBindingTests\DataBindingTests.csproj", "{247AD55D-AB8D-4F23-806D-36F71AA3EDB7}"
EndProject
Global
	GlobalSection(SolutionConfigurationPlatforms) = preSolution
		Debug|Any CPU = Debug|Any CPU
		Release|Any CPU = Release|Any CPU
	EndGlobalSection
	GlobalSection(ProjectConfigurationPlatforms) = postSolution
		{6C960AA2-66BE-4F24-9B4C-236EEB1A0E18}.Debug|Any CPU.ActiveCfg = Debug|Any CPU
		{6C960AA2-66BE-4F24-9B4C-236EEB1A0E18}.Debug|Any CPU.Build.0 = Debug|Any CPU
		{6C960AA2-66BE-4F24-9B4C-236EEB1A0E18}.Release|Any CPU.ActiveCfg = Release|Any CPU
		{6C960AA2-66BE-4F24-9B4C-236EEB1A0E18}.Release|Any CPU.Build.0 = Release|Any CPU
		{247AD55D-AB8D-4F23-806D-36F71AA3EDB7}.Debug|Any CPU.ActiveCfg = Debug|Any CPU
		{247AD55D-AB8D-4F23-806D-36F71AA3EDB7}.Debug|Any CPU.Build.0 = Debug|Any CPU
		{247AD55D-AB8D-4F23-806D-36F71AA3EDB7}.Release|Any CPU.ActiveCfg = Release|Any CPU
		{247AD55D-AB8D-4F23-806D-36F71AA3EDB7}.Release|Any CPU.Build.0 = Release|Any CPU
	EndGlobalSection
	GlobalSection(SolutionProperties) = preSolution
		HideSolutionNode = FALSE
	EndGlobalSection
	GlobalSection(ExtensibilityGlobals) = postSolution
		SolutionGuid = {952A6B5C-027F-41B8-9712-6537B16E139D}
	EndGlobalSection
EndGlobal
